{
  "version": 4,
  "terraform_version": "1.1.7",
  "serial": 27,
  "lineage": "fe33a683-5242-0378-344a-3aa11bbad28e",
  "outputs": {
    "container_id": {
      "value": "a4d638801449c6f939863735282cafa350dbeb65ce53e1116e3034bab4c7dd7c",
      "type": "string"
    },
    "hostname": {
      "value": "a4d638801449",
      "type": "string"
    },
    "ip_address": {
      "value": "172.17.0.2",
      "type": "string"
    },
    "port": {
      "value": 8081,
      "type": "number"
    }
  },
  "resources": [
    {
      "module": "module.hello_world_nginx",
      "mode": "managed",
      "type": "docker_container",
      "name": "nginx",
      "provider": "provider[\"registry.terraform.io/kreuzwerker/docker\"]",
      "instances": [
        {
          "schema_version": 2,
          "attributes": {
            "attach": false,
            "bridge": "",
            "capabilities": [],
            "command": [
              "nginx",
              "-g",
              "daemon off;"
            ],
            "container_logs": null,
            "cpu_set": "",
            "cpu_shares": 0,
            "destroy_grace_seconds": null,
            "devices": [],
            "dns": null,
            "dns_opts": null,
            "dns_search": null,
            "domainname": "",
            "entrypoint": [
              "/docker-entrypoint.sh"
            ],
            "env": [],
            "exit_code": null,
            "gateway": "172.17.0.1",
            "group_add": null,
            "healthcheck": null,
            "host": [],
            "hostname": "a4d638801449",
            "id": "a4d638801449c6f939863735282cafa350dbeb65ce53e1116e3034bab4c7dd7c",
            "image": "sha256:5f7b6b65855a8c90092e6b4c41a698fe79c2edf7b34b3239b13cc2ebeb9c29b7",
            "init": false,
            "ip_address": "172.17.0.2",
            "ip_prefix_length": 16,
            "ipc_mode": "private",
            "labels": [],
            "links": null,
            "log_driver": "json-file",
            "log_opts": null,
            "logs": false,
            "max_retry_count": 0,
            "memory": 0,
            "memory_swap": 0,
            "mounts": [],
            "must_run": true,
            "name": "hello_world",
            "network_alias": null,
            "network_data": [
              {
                "gateway": "172.17.0.1",
                "global_ipv6_address": "",
                "global_ipv6_prefix_length": 0,
                "ip_address": "172.17.0.2",
                "ip_prefix_length": 16,
                "ipv6_gateway": "",
                "network_name": "bridge"
              }
            ],
            "network_mode": "default",
            "networks": null,
            "networks_advanced": [],
            "pid_mode": "",
            "ports": [
              {
                "external": 8081,
                "internal": 80,
                "ip": "0.0.0.0",
                "protocol": "tcp"
              }
            ],
            "privileged": false,
            "publish_all_ports": false,
            "read_only": false,
            "remove_volumes": true,
            "restart": "no",
            "rm": false,
            "security_opts": [],
            "shm_size": 64,
            "start": true,
            "stdin_open": false,
            "storage_opts": null,
            "sysctls": null,
            "tmpfs": null,
            "tty": false,
            "ulimit": [],
            "upload": [],
            "user": "",
            "userns_mode": "",
            "volumes": [],
            "working_dir": ""
          },
          "sensitive_attributes": [],
          "private": "eyJzY2hlbWFfdmVyc2lvbiI6IjIifQ==",
          "dependencies": [
            "module.hello_world_nginx.docker_image.image"
          ]
        }
      ]
    },
    {
      "module": "module.hello_world_nginx",
      "mode": "managed",
      "type": "docker_image",
      "name": "image",
      "provider": "provider[\"registry.terraform.io/kreuzwerker/docker\"]",
      "instances": [
        {
          "schema_version": 0,
          "attributes": {
            "build": [],
            "force_remove": null,
            "id": "sha256:5f7b6b65855a8c90092e6b4c41a698fe79c2edf7b34b3239b13cc2ebeb9c29b7adamlisicki/hello_world_nginx",
            "keep_locally": null,
            "latest": "sha256:5f7b6b65855a8c90092e6b4c41a698fe79c2edf7b34b3239b13cc2ebeb9c29b7",
            "name": "adamlisicki/hello_world_nginx",
            "output": null,
            "pull_trigger": null,
            "pull_triggers": null,
            "repo_digest": "adamlisicki/hello_world_nginx@sha256:ad8be00818f76ede7b4373f74167cb059e586fc7d93b2c11a9f2a2ac7abeb260"
          },
          "sensitive_attributes": [],
          "private": "bnVsbA=="
        }
      ]
    }
  ]
}
