{
  "version": 4,
  "terraform_version": "1.1.7",
  "serial": 3,
  "lineage": "0bf62155-759d-e9ea-1511-cca9299479fa",
  "outputs": {
    "port": {
      "value": 8082,
      "type": "number"
    }
  },
  "resources": [
    {
      "module": "module.hello_world_nginx",
      "mode": "managed",
      "type": "docker_container",
      "name": "nginx",
      "provider": "provider[\"registry.terraform.io/kreuzwerker/docker\"]",
      "instances": [
        {
          "schema_version": 2,
          "attributes": {
            "attach": false,
            "bridge": "",
            "capabilities": [],
            "command": [
              "nginx",
              "-g",
              "daemon off;"
            ],
            "container_logs": null,
            "cpu_set": "",
            "cpu_shares": 0,
            "destroy_grace_seconds": null,
            "devices": [],
            "dns": null,
            "dns_opts": null,
            "dns_search": null,
            "domainname": "",
            "entrypoint": [
              "/docker-entrypoint.sh"
            ],
            "env": [],
            "exit_code": null,
            "gateway": "172.17.0.1",
            "group_add": null,
            "healthcheck": null,
            "host": [],
            "hostname": "6463b930f19d",
            "id": "6463b930f19d65d5f3ee08c715cfa24d47d5ffe2ffd6c5587e11d3df01ed25d8",
            "image": "sha256:1def8a6712b307f8ca2ec686b93d4546d9cc23a87d4ce8dac85d6a5f310b15fb",
            "init": false,
            "ip_address": "172.17.0.2",
            "ip_prefix_length": 16,
            "ipc_mode": "private",
            "labels": [],
            "links": null,
            "log_driver": "json-file",
            "log_opts": null,
            "logs": false,
            "max_retry_count": 0,
            "memory": 0,
            "memory_swap": 0,
            "mounts": [],
            "must_run": true,
            "name": "hello_world",
            "network_alias": null,
            "network_data": [
              {
                "gateway": "172.17.0.1",
                "global_ipv6_address": "",
                "global_ipv6_prefix_length": 0,
                "ip_address": "172.17.0.2",
                "ip_prefix_length": 16,
                "ipv6_gateway": "",
                "network_name": "bridge"
              }
            ],
            "network_mode": "default",
            "networks": null,
            "networks_advanced": [],
            "pid_mode": "",
            "ports": [
              {
                "external": 8082,
                "internal": 80,
                "ip": "0.0.0.0",
                "protocol": "tcp"
              }
            ],
            "privileged": false,
            "publish_all_ports": false,
            "read_only": false,
            "remove_volumes": true,
            "restart": "no",
            "rm": false,
            "security_opts": [],
            "shm_size": 64,
            "start": true,
            "stdin_open": false,
            "storage_opts": null,
            "sysctls": null,
            "tmpfs": null,
            "tty": false,
            "ulimit": [],
            "upload": [],
            "user": "",
            "userns_mode": "",
            "volumes": [],
            "working_dir": ""
          },
          "sensitive_attributes": [],
          "private": "eyJzY2hlbWFfdmVyc2lvbiI6IjIifQ==",
          "dependencies": [
            "module.hello_world_nginx.docker_image.image"
          ]
        }
      ]
    },
    {
      "module": "module.hello_world_nginx",
      "mode": "managed",
      "type": "docker_image",
      "name": "image",
      "provider": "provider[\"registry.terraform.io/kreuzwerker/docker\"]",
      "instances": [
        {
          "schema_version": 0,
          "attributes": {
            "build": [],
            "force_remove": null,
            "id": "sha256:1def8a6712b307f8ca2ec686b93d4546d9cc23a87d4ce8dac85d6a5f310b15fbadamlisicki/hello_world_nginx",
            "keep_locally": null,
            "latest": "sha256:1def8a6712b307f8ca2ec686b93d4546d9cc23a87d4ce8dac85d6a5f310b15fb",
            "name": "adamlisicki/hello_world_nginx",
            "output": null,
            "pull_trigger": null,
            "pull_triggers": null,
            "repo_digest": "adamlisicki/hello_world_nginx@sha256:6d1c8cfaa8813a23a22d207e298217f0816cb720040720773198edd68e90edd5"
          },
          "sensitive_attributes": [],
          "private": "bnVsbA=="
        }
      ]
    }
  ]
}
